{
  "name": "niagara-moduledev",
  "version": "0.1.3",
  "dependencies": {
    "adm-zip": {
      "version": "0.4.7",
      "from": "adm-zip@>=0.4.7 <0.5.0",
      "resolved": "https://registry.npmjs.org/adm-zip/-/adm-zip-0.4.7.tgz"
    },
    "package": {
      "version": "1.0.1",
      "from": "package@>=1.0.0 <1.2.0",
      "resolved": "https://registry.npmjs.org/package/-/package-1.0.1.tgz"
    },
    "properties": {
      "version": "1.2.1",
      "from": "properties@>=1.2.1 <2.0.0",
      "resolved": "https://registry.npmjs.org/properties/-/properties-1.2.1.tgz"
    },
    "temporary": {
      "version": "0.0.8",
      "from": "temporary@0.0.8",
      "resolved": "https://registry.npmjs.org/temporary/-/temporary-0.0.8.tgz"
    }
  }
}
